
Microsoft Visual Studio Solution File, Format Version 12.00
# Visual Studio Version 16
VisualStudioVersion = 16.0.31702.278
MinimumVisualStudioVersion = 10.0.40219.1
Project("{FAE04EC0-301F-11D3-BF4B-00C04F79EFBC}") = "hospital-management-system", "hospital-management-system.csproj", "{357855FC-82A5-4062-84E4-CC8469DB281D}"
EndProject
Global
	GlobalSection(SolutionConfigurationPlatforms) = preSolution
		Debug|Any CPU = Debug|Any CPU
		Release|Any CPU = Release|Any CPU
	EndGlobalSection
	GlobalSection(ProjectConfigurationPlatforms) = postSolution
		{357855FC-82A5-4062-84E4-CC8469DB281D}.Debug|Any CPU.ActiveCfg = Debug|Any CPU
		{357855FC-82A5-4062-84E4-CC8469DB281D}.Debug|Any CPU.Build.0 = Debug|Any CPU
		{357855FC-82A5-4062-84E4-CC8469DB281D}.Release|Any CPU.ActiveCfg = Release|Any CPU
		{357855FC-82A5-4062-84E4-CC8469DB281D}.Release|Any CPU.Build.0 = Release|Any CPU
	EndGlobalSection
	GlobalSection(SolutionProperties) = preSolution
		HideSolutionNode = FALSE
	EndGlobalSection
	GlobalSection(ExtensibilityGlobals) = postSolution
		SolutionGuid = {7873F873-62BE-4050-9F26-CB775C976A1D}
	EndGlobalSection
EndGlobal
