
Microsoft Visual Studio Solution File, Format Version 12.00
# Visual Studio Version 16
VisualStudioVersion = 16.0.31729.503
MinimumVisualStudioVersion = 10.0.40219.1
Project("{FAE04EC0-301F-11D3-BF4B-00C04F79EFBC}") = "hospital-management-system", "hospital-management-system.csproj", "{30E64F02-98B1-4293-B351-0240A3930B6B}"
EndProject
Global
	GlobalSection(SolutionConfigurationPlatforms) = preSolution
		Debug|Any CPU = Debug|Any CPU
		Release|Any CPU = Release|Any CPU
	EndGlobalSection
	GlobalSection(ProjectConfigurationPlatforms) = postSolution
		{30E64F02-98B1-4293-B351-0240A3930B6B}.Debug|Any CPU.ActiveCfg = Debug|Any CPU
		{30E64F02-98B1-4293-B351-0240A3930B6B}.Debug|Any CPU.Build.0 = Debug|Any CPU
		{30E64F02-98B1-4293-B351-0240A3930B6B}.Release|Any CPU.ActiveCfg = Release|Any CPU
		{30E64F02-98B1-4293-B351-0240A3930B6B}.Release|Any CPU.Build.0 = Release|Any CPU
	EndGlobalSection
	GlobalSection(SolutionProperties) = preSolution
		HideSolutionNode = FALSE
	EndGlobalSection
	GlobalSection(ExtensibilityGlobals) = postSolution
		SolutionGuid = {B725BE0F-4ED4-45CF-8926-3E4468B1D992}
	EndGlobalSection
EndGlobal
