
Microsoft Visual Studio Solution File, Format Version 12.00
# Visual Studio Version 16
VisualStudioVersion = 16.0.31729.503
MinimumVisualStudioVersion = 10.0.40219.1
Project("{FAE04EC0-301F-11D3-BF4B-00C04F79EFBC}") = "hospital-management-system", "hospital-management-system.csproj", "{D6E887CF-3B8F-47E0-A3EE-9DC1E4912A7D}"
EndProject
Global
	GlobalSection(SolutionConfigurationPlatforms) = preSolution
		Debug|Any CPU = Debug|Any CPU
		Release|Any CPU = Release|Any CPU
	EndGlobalSection
	GlobalSection(ProjectConfigurationPlatforms) = postSolution
		{D6E887CF-3B8F-47E0-A3EE-9DC1E4912A7D}.Debug|Any CPU.ActiveCfg = Debug|Any CPU
		{D6E887CF-3B8F-47E0-A3EE-9DC1E4912A7D}.Debug|Any CPU.Build.0 = Debug|Any CPU
		{D6E887CF-3B8F-47E0-A3EE-9DC1E4912A7D}.Release|Any CPU.ActiveCfg = Release|Any CPU
		{D6E887CF-3B8F-47E0-A3EE-9DC1E4912A7D}.Release|Any CPU.Build.0 = Release|Any CPU
	EndGlobalSection
	GlobalSection(SolutionProperties) = preSolution
		HideSolutionNode = FALSE
	EndGlobalSection
	GlobalSection(ExtensibilityGlobals) = postSolution
		SolutionGuid = {393F6729-9539-4BBF-9CF7-266637EAECF4}
	EndGlobalSection
EndGlobal
